
Microsoft Visual Studio Solution File, Format Version 12.00
# Visual Studio Version 16
VisualStudioVersion = 16.0.29306.81
MinimumVisualStudioVersion = 10.0.40219.1
Project("{FAE04EC0-301F-11D3-BF4B-00C04F79EFBC}") = "WFA191003eszj", "WFA191003eszj\WFA191003eszj.csproj", "{CDB47030-CD2F-4528-94E3-14F88CA76E8B}"
EndProject
Global
	GlobalSection(SolutionConfigurationPlatforms) = preSolution
		Debug|Any CPU = Debug|Any CPU
		Release|Any CPU = Release|Any CPU
	EndGlobalSection
	GlobalSection(ProjectConfigurationPlatforms) = postSolution
		{CDB47030-CD2F-4528-94E3-14F88CA76E8B}.Debug|Any CPU.ActiveCfg = Debug|Any CPU
		{CDB47030-CD2F-4528-94E3-14F88CA76E8B}.Debug|Any CPU.Build.0 = Debug|Any CPU
		{CDB47030-CD2F-4528-94E3-14F88CA76E8B}.Release|Any CPU.ActiveCfg = Release|Any CPU
		{CDB47030-CD2F-4528-94E3-14F88CA76E8B}.Release|Any CPU.Build.0 = Release|Any CPU
	EndGlobalSection
	GlobalSection(SolutionProperties) = preSolution
		HideSolutionNode = FALSE
	EndGlobalSection
	GlobalSection(ExtensibilityGlobals) = postSolution
		SolutionGuid = {4A50D391-9F1F-4A17-8CDC-BA86EA5BC7B3}
	EndGlobalSection
EndGlobal
